
Microsoft Visual Studio Solution File, Format Version 12.00
# Visual Studio Version 16
VisualStudioVersion = 16.0.29709.97
MinimumVisualStudioVersion = 10.0.40219.1
Project("{FAE04EC0-301F-11D3-BF4B-00C04F79EFBC}") = "KdtSdk", "KdtSdk\KdtSdk.csproj", "{10BDEBE8-3AB2-4867-931E-2E352B1E2B72}"
EndProject
Project("{FAE04EC0-301F-11D3-BF4B-00C04F79EFBC}") = "KdtTests", "KdtTests\KdtTests.csproj", "{81FEFD51-58CA-404B-9DCC-0BC9024BC4EE}"
EndProject
Project("{FAE04EC0-301F-11D3-BF4B-00C04F79EFBC}") = "Sample", "Sample\Sample.csproj", "{D47C1A2E-D193-4A62-99B8-5D44BF48A31C}"
EndProject
Global
	GlobalSection(SolutionConfigurationPlatforms) = preSolution
		Debug|Any CPU = Debug|Any CPU
		Release|Any CPU = Release|Any CPU
	EndGlobalSection
	GlobalSection(ProjectConfigurationPlatforms) = postSolution
		{10BDEBE8-3AB2-4867-931E-2E352B1E2B72}.Debug|Any CPU.ActiveCfg = Debug|Any CPU
		{10BDEBE8-3AB2-4867-931E-2E352B1E2B72}.Debug|Any CPU.Build.0 = Debug|Any CPU
		{10BDEBE8-3AB2-4867-931E-2E352B1E2B72}.Release|Any CPU.ActiveCfg = Release|Any CPU
		{10BDEBE8-3AB2-4867-931E-2E352B1E2B72}.Release|Any CPU.Build.0 = Release|Any CPU
		{81FEFD51-58CA-404B-9DCC-0BC9024BC4EE}.Debug|Any CPU.ActiveCfg = Debug|Any CPU
		{81FEFD51-58CA-404B-9DCC-0BC9024BC4EE}.Debug|Any CPU.Build.0 = Debug|Any CPU
		{81FEFD51-58CA-404B-9DCC-0BC9024BC4EE}.Release|Any CPU.ActiveCfg = Release|Any CPU
		{81FEFD51-58CA-404B-9DCC-0BC9024BC4EE}.Release|Any CPU.Build.0 = Release|Any CPU
		{D47C1A2E-D193-4A62-99B8-5D44BF48A31C}.Debug|Any CPU.ActiveCfg = Debug|Any CPU
		{D47C1A2E-D193-4A62-99B8-5D44BF48A31C}.Debug|Any CPU.Build.0 = Debug|Any CPU
		{D47C1A2E-D193-4A62-99B8-5D44BF48A31C}.Release|Any CPU.ActiveCfg = Release|Any CPU
		{D47C1A2E-D193-4A62-99B8-5D44BF48A31C}.Release|Any CPU.Build.0 = Release|Any CPU
	EndGlobalSection
	GlobalSection(SolutionProperties) = preSolution
		HideSolutionNode = FALSE
	EndGlobalSection
	GlobalSection(ExtensibilityGlobals) = postSolution
		SolutionGuid = {EAAFE048-978F-4889-9F73-E161E32EFA79}
	EndGlobalSection
EndGlobal
